{
  "requires": true,
  "lockfileVersion": 1,
  "dependencies": {
    "neofetch": {
      "version": "7.1.0",
      "resolved": "https://registry.npmjs.org/neofetch/-/neofetch-7.1.0.tgz",
      "integrity": "sha512-oty812SRx3DG70gDmOiqmZDMrMFrJK1W8/PkV7YJtG2SE3eyKA7FGQo0ASXxqayK0zqutO/nOvQF4zRHqDJgNg=="
    },
    "print-tree": {
      "version": "0.1.5",
      "resolved": "https://registry.npmjs.org/print-tree/-/print-tree-0.1.5.tgz",
      "integrity": "sha512-t5eFtuheMgWGR3kj1vtxsvfWrrecEEWow3IgEtbW0EPbYRufHAvB+ShK1DgRjWxEYYEqO4B6DNlkoPmh7E3LGQ=="
    }
  }
}
