{
  "requires": true,
  "lockfileVersion": 1,
  "dependencies": {
    "atom-package-deps": {
      "version": "4.6.2",
      "resolved": "https://registry.npmjs.org/atom-package-deps/-/atom-package-deps-4.6.2.tgz",
      "integrity": "sha512-GOcCULZPzpcFfnHo9Oz5fT/EaArFHNs84E4rp/Nox0/GlS1UYkEF44FRdgD+7TxAudRfQAXE0a8wh0GealCXZg==",
      "dev": true,
      "requires": {
        "atom-package-path": "^1.1.0",
        "sb-fs": "^3.0.0",
        "semver": "^5.3.0"
      }
    },
    "atom-package-path": {
      "version": "1.1.0",
      "resolved": "https://registry.npmjs.org/atom-package-path/-/atom-package-path-1.1.0.tgz",
      "integrity": "sha1-tR/tvADnyM5SI9DYA9t6P09pYU8=",
      "dev": true,
      "requires": {
        "sb-callsite": "^1.1.2"
      }
    },
    "beautifier-prettier": {
      "version": "0.1.2",
      "resolved": "https://registry.npmjs.org/beautifier-prettier/-/beautifier-prettier-0.1.2.tgz",
      "integrity": "sha512-wO2YaVufWZJM1VEf3PiGO+feR06D6bFBmVgv1yVT8IO+Hfxx1qiAKIn8ReCEXX724NgkFjw5/bluITuI7WDt6w==",
      "dev": true,
      "requires": {
        "prettier": "^1.9.2",
        "unibeautify-beautifier": "^0.1.2"
      }
    },
    "is-utf8": {
      "version": "0.2.1",
      "resolved": "https://registry.npmjs.org/is-utf8/-/is-utf8-0.2.1.tgz",
      "integrity": "sha1-Sw2hRCEE0bM2NA6AeX6GXPOffXI=",
      "dev": true
    },
    "neofetch": {
      "version": "7.1.0",
      "resolved": "https://registry.npmjs.org/neofetch/-/neofetch-7.1.0.tgz",
      "integrity": "sha512-oty812SRx3DG70gDmOiqmZDMrMFrJK1W8/PkV7YJtG2SE3eyKA7FGQo0ASXxqayK0zqutO/nOvQF4zRHqDJgNg=="
    },
    "prettier": {
      "version": "1.19.1",
      "resolved": "https://registry.npmjs.org/prettier/-/prettier-1.19.1.tgz",
      "integrity": "sha512-s7PoyDv/II1ObgQunCbB9PdLmUcBZcnWOcxDh7O0N/UwDEsHyqkW+Qh28jW+mVuCdx7gLB0BotYI1Y6uI9iyew==",
      "dev": true
    },
    "print-tree": {
      "version": "0.1.5",
      "resolved": "https://registry.npmjs.org/print-tree/-/print-tree-0.1.5.tgz",
      "integrity": "sha512-t5eFtuheMgWGR3kj1vtxsvfWrrecEEWow3IgEtbW0EPbYRufHAvB+ShK1DgRjWxEYYEqO4B6DNlkoPmh7E3LGQ=="
    },
    "sb-callsite": {
      "version": "1.1.3",
      "resolved": "https://registry.npmjs.org/sb-callsite/-/sb-callsite-1.1.3.tgz",
      "integrity": "sha512-wM9xJVV9KOaCmFb5GAnAwLhXCd0Pftaf8M7MY2d2rzE94Ae57cq4seFvKKdtXyaipUolbVqfbZ3IcuThmjKqsg==",
      "dev": true
    },
    "sb-fs": {
      "version": "3.0.0",
      "resolved": "https://registry.npmjs.org/sb-fs/-/sb-fs-3.0.0.tgz",
      "integrity": "sha1-+9zdMBDoChuOJ0kM7zNgZJdCA7g=",
      "dev": true,
      "requires": {
        "sb-promisify": "^2.0.1",
        "strip-bom-buf": "^1.0.0"
      }
    },
    "sb-promisify": {
      "version": "2.0.2",
      "resolved": "https://registry.npmjs.org/sb-promisify/-/sb-promisify-2.0.2.tgz",
      "integrity": "sha1-QnelR1RIiqlnXYhuNU24lMm9yYE=",
      "dev": true
    },
    "semver": {
      "version": "5.7.1",
      "resolved": "https://registry.npmjs.org/semver/-/semver-5.7.1.tgz",
      "integrity": "sha512-sauaDf/PZdVgrLTNYHRtpXa1iRiKcaebiKQ1BJdpQlWH2lCvexQdX55snPFyK7QzpudqbCI0qXFfOasHdyNDGQ==",
      "dev": true
    },
    "strip-bom-buf": {
      "version": "1.0.0",
      "resolved": "https://registry.npmjs.org/strip-bom-buf/-/strip-bom-buf-1.0.0.tgz",
      "integrity": "sha1-HLRar1dTD0yvhsf3UXnSyaUd1XI=",
      "dev": true,
      "requires": {
        "is-utf8": "^0.2.1"
      }
    },
    "unibeautify-beautifier": {
      "version": "0.1.3",
      "resolved": "https://registry.npmjs.org/unibeautify-beautifier/-/unibeautify-beautifier-0.1.3.tgz",
      "integrity": "sha512-1q3zsGGAUZmW5vICsWvKcWprDfCaq+vfV4NkiaYtZ9puoNFSRE6LfRogzHPCYuO72o4CTqj+FeI9fv18Ebf/6g==",
      "dev": true,
      "requires": {
        "atom-package-deps": "^4.3.1"
      }
    }
  }
}
